// !$*UTF8*$!
{
	archiveVersion = 1;
	classes = {
	};
	objectVersion = 55;
	objects = {

/* Begin PBXBuildFile section */
		57275DBA28D17D5600E8E18D /* AppDelegate.swift in Sources */ = {isa = PBXBuildFile; fileRef = 57275DB928D17D5600E8E18D /* AppDelegate.swift */; };
		57275DBC28D17D5600E8E18D /* SceneDelegate.swift in Sources */ = {isa = PBXBuildFile; fileRef = 57275DBB28D17D5600E8E18D /* SceneDelegate.swift */; };
		57275DBE28D17D5600E8E18D /* ViewController.swift in Sources */ = {isa = PBXBuildFile; fileRef = 57275DBD28D17D5600E8E18D /* ViewController.swift */; };
		57275DC128D17D5600E8E18D /* Main.storyboard in Resources */ = {isa = PBXBuildFile; fileRef = 57275DBF28D17D5600E8E18D /* Main.storyboard */; };
		57275DC428D17D5600E8E18D /* Latihan_Mengunduh_Gambar.xcdatamodeld in Sources */ = {isa = PBXBuildFile; fileRef = 57275DC228D17D5600E8E18D /* Latihan_Mengunduh_Gambar.xcdatamodeld */; };
		57275DC628D17D5800E8E18D /* Assets.xcassets in Resources */ = {isa = PBXBuildFile; fileRef = 57275DC528D17D5800E8E18D /* Assets.xcassets */; };
		57275DC928D17D5800E8E18D /* LaunchScreen.storyboard in Resources */ = {isa = PBXBuildFile; fileRef = 57275DC728D17D5800E8E18D /* LaunchScreen.storyboard */; };
		57275DD428D1809300E8E18D /* MovieTableViewCell.swift in Sources */ = {isa = PBXBuildFile; fileRef = 57275DD228D1809300E8E18D /* MovieTableViewCell.swift */; };
		57275DD528D1809300E8E18D /* MovieTableViewCell.xib in Resources */ = {isa = PBXBuildFile; fileRef = 57275DD328D1809300E8E18D /* MovieTableViewCell.xib */; };
		57275DD728D18BCF00E8E18D /* MovieModel.swift in Sources */ = {isa = PBXBuildFile; fileRef = 57275DD628D18BCF00E8E18D /* MovieModel.swift */; };
		573706E228D734AC00E555CE /* Movies.xml in Resources */ = {isa = PBXBuildFile; fileRef = 573706E128D734AC00E555CE /* Movies.xml */; };
		5737FA7328D21AD500313B9C /* ImageDownloader.swift in Sources */ = {isa = PBXBuildFile; fileRef = 5737FA7228D21AD500313B9C /* ImageDownloader.swift */; };
/* End PBXBuildFile section */

/* Begin PBXFileReference section */
		57275DB628D17D5600E8E18D /* Latihan Mengunduh Gambar.app */ = {isa = PBXFileReference; explicitFileType = wrapper.application; includeInIndex = 0; path = "Latihan Mengunduh Gambar.app"; sourceTree = BUILT_PRODUCTS_DIR; };
		57275DB928D17D5600E8E18D /* AppDelegate.swift */ = {isa = PBXFileReference; lastKnownFileType = sourcecode.swift; path = AppDelegate.swift; sourceTree = "<group>"; };
		57275DBB28D17D5600E8E18D /* SceneDelegate.swift */ = {isa = PBXFileReference; lastKnownFileType = sourcecode.swift; path = SceneDelegate.swift; sourceTree = "<group>"; };
		57275DBD28D17D5600E8E18D /* ViewController.swift */ = {isa = PBXFileReference; lastKnownFileType = sourcecode.swift; path = ViewController.swift; sourceTree = "<group>"; };
		57275DC028D17D5600E8E18D /* Base */ = {isa = PBXFileReference; lastKnownFileType = file.storyboard; name = Base; path = Base.lproj/Main.storyboard; sourceTree = "<group>"; };
		57275DC328D17D5600E8E18D /* Latihan_Mengunduh_Gambar.xcdatamodel */ = {isa = PBXFileReference; lastKnownFileType = wrapper.xcdatamodel; path = Latihan_Mengunduh_Gambar.xcdatamodel; sourceTree = "<group>"; };
		57275DC528D17D5800E8E18D /* Assets.xcassets */ = {isa = PBXFileReference; lastKnownFileType = folder.assetcatalog; path = Assets.xcassets; sourceTree = "<group>"; };
		57275DC828D17D5800E8E18D /* Base */ = {isa = PBXFileReference; lastKnownFileType = file.storyboard; name = Base; path = Base.lproj/LaunchScreen.storyboard; sourceTree = "<group>"; };
		57275DCA28D17D5800E8E18D /* Info.plist */ = {isa = PBXFileReference; lastKnownFileType = text.plist.xml; path = Info.plist; sourceTree = "<group>"; };
		57275DD228D1809300E8E18D /* MovieTableViewCell.swift */ = {isa = PBXFileReference; lastKnownFileType = sourcecode.swift; path = MovieTableViewCell.swift; sourceTree = "<group>"; };
		57275DD328D1809300E8E18D /* MovieTableViewCell.xib */ = {isa = PBXFileReference; lastKnownFileType = file.xib; path = MovieTableViewCell.xib; sourceTree = "<group>"; };
		57275DD628D18BCF00E8E18D /* MovieModel.swift */ = {isa = PBXFileReference; lastKnownFileType = sourcecode.swift; path = MovieModel.swift; sourceTree = "<group>"; };
		573706E128D734AC00E555CE /* Movies.xml */ = {isa = PBXFileReference; lastKnownFileType = text.xml; path = Movies.xml; sourceTree = "<group>"; };
		5737FA7228D21AD500313B9C /* ImageDownloader.swift */ = {isa = PBXFileReference; lastKnownFileType = sourcecode.swift; path = ImageDownloader.swift; sourceTree = "<group>"; };
/* End PBXFileReference section */

/* Begin PBXFrameworksBuildPhase section */
		57275DB328D17D5600E8E18D /* Frameworks */ = {
			isa = PBXFrameworksBuildPhase;
			buildActionMask = 2147483647;
			files = (
			);
			runOnlyForDeploymentPostprocessing = 0;
		};
/* End PBXFrameworksBuildPhase section */

/* Begin PBXGroup section */
		57275DAD28D17D5600E8E18D = {
			isa = PBXGroup;
			children = (
				57275DB828D17D5600E8E18D /* Latihan Mengunduh Gambar */,
				57275DB728D17D5600E8E18D /* Products */,
			);
			sourceTree = "<group>";
		};
		57275DB728D17D5600E8E18D /* Products */ = {
			isa = PBXGroup;
			children = (
				57275DB628D17D5600E8E18D /* Latihan Mengunduh Gambar.app */,
			);
			name = Products;
			sourceTree = "<group>";
		};
		57275DB828D17D5600E8E18D /* Latihan Mengunduh Gambar */ = {
			isa = PBXGroup;
			children = (
				573DA0D528D6177E005F8594 /* App */,
				5799F95C28D2C8FA000ECA9E /* Model */,
				5799F95E28D2C924000ECA9E /* View */,
				5799F95D28D2C915000ECA9E /* Controller */,
				573DA0D628D6178F005F8594 /* Filesystem */,
			);
			path = "Latihan Mengunduh Gambar";
			sourceTree = "<group>";
		};
		573DA0D528D6177E005F8594 /* App */ = {
			isa = PBXGroup;
			children = (
				57275DB928D17D5600E8E18D /* AppDelegate.swift */,
				57275DBB28D17D5600E8E18D /* SceneDelegate.swift */,
			);
			path = App;
			sourceTree = "<group>";
		};
		573DA0D628D6178F005F8594 /* Filesystem */ = {
			isa = PBXGroup;
			children = (
				57275DC528D17D5800E8E18D /* Assets.xcassets */,
				57275DCA28D17D5800E8E18D /* Info.plist */,
			);
			path = Filesystem;
			sourceTree = "<group>";
		};
		5799F95C28D2C8FA000ECA9E /* Model */ = {
			isa = PBXGroup;
			children = (
				57275DC228D17D5600E8E18D /* Latihan_Mengunduh_Gambar.xcdatamodeld */,
				57275DD628D18BCF00E8E18D /* MovieModel.swift */,
				5737FA7228D21AD500313B9C /* ImageDownloader.swift */,
				573706E128D734AC00E555CE /* Movies.xml */,
			);
			path = Model;
			sourceTree = "<group>";
		};
		5799F95D28D2C915000ECA9E /* Controller */ = {
			isa = PBXGroup;
			children = (
				57275DBD28D17D5600E8E18D /* ViewController.swift */,
				57275DD228D1809300E8E18D /* MovieTableViewCell.swift */,
			);
			path = Controller;
			sourceTree = "<group>";
		};
		5799F95E28D2C924000ECA9E /* View */ = {
			isa = PBXGroup;
			children = (
				57275DBF28D17D5600E8E18D /* Main.storyboard */,
				57275DC728D17D5800E8E18D /* LaunchScreen.storyboard */,
				57275DD328D1809300E8E18D /* MovieTableViewCell.xib */,
			);
			path = View;
			sourceTree = "<group>";
		};
/* End PBXGroup section */

/* Begin PBXNativeTarget section */
		57275DB528D17D5600E8E18D /* Latihan Mengunduh Gambar */ = {
			isa = PBXNativeTarget;
			buildConfigurationList = 57275DCD28D17D5800E8E18D /* Build configuration list for PBXNativeTarget "Latihan Mengunduh Gambar" */;
			buildPhases = (
				57275DB228D17D5600E8E18D /* Sources */,
				57275DB328D17D5600E8E18D /* Frameworks */,
				57275DB428D17D5600E8E18D /* Resources */,
			);
			buildRules = (
			);
			dependencies = (
			);
			name = "Latihan Mengunduh Gambar";
			productName = "Latihan Mengunduh Gambar";
			productReference = 57275DB628D17D5600E8E18D /* Latihan Mengunduh Gambar.app */;
			productType = "com.apple.product-type.application";
		};
/* End PBXNativeTarget section */

/* Begin PBXProject section */
		57275DAE28D17D5600E8E18D /* Project object */ = {
			isa = PBXProject;
			attributes = {
				BuildIndependentTargetsInParallel = 1;
				LastSwiftUpdateCheck = 1340;
				LastUpgradeCheck = 1340;
				TargetAttributes = {
					57275DB528D17D5600E8E18D = {
						CreatedOnToolsVersion = 13.4.1;
					};
				};
			};
			buildConfigurationList = 57275DB128D17D5600E8E18D /* Build configuration list for PBXProject "Latihan Mengunduh Gambar" */;
			compatibilityVersion = "Xcode 13.0";
			developmentRegion = en;
			hasScannedForEncodings = 0;
			knownRegions = (
				en,
				Base,
			);
			mainGroup = 57275DAD28D17D5600E8E18D;
			productRefGroup = 57275DB728D17D5600E8E18D /* Products */;
			projectDirPath = "";
			projectRoot = "";
			targets = (
				57275DB528D17D5600E8E18D /* Latihan Mengunduh Gambar */,
			);
		};
/* End PBXProject section */

/* Begin PBXResourcesBuildPhase section */
		57275DB428D17D5600E8E18D /* Resources */ = {
			isa = PBXResourcesBuildPhase;
			buildActionMask = 2147483647;
			files = (
				573706E228D734AC00E555CE /* Movies.xml in Resources */,
				57275DC928D17D5800E8E18D /* LaunchScreen.storyboard in Resources */,
				57275DC628D17D5800E8E18D /* Assets.xcassets in Resources */,
				57275DD528D1809300E8E18D /* MovieTableViewCell.xib in Resources */,
				57275DC128D17D5600E8E18D /* Main.storyboard in Resources */,
			);
			runOnlyForDeploymentPostprocessing = 0;
		};
/* End PBXResourcesBuildPhase section */

/* Begin PBXSourcesBuildPhase section */
		57275DB228D17D5600E8E18D /* Sources */ = {
			isa = PBXSourcesBuildPhase;
			buildActionMask = 2147483647;
			files = (
				57275DD728D18BCF00E8E18D /* MovieModel.swift in Sources */,
				57275DD428D1809300E8E18D /* MovieTableViewCell.swift in Sources */,
				5737FA7328D21AD500313B9C /* ImageDownloader.swift in Sources */,
				57275DBE28D17D5600E8E18D /* ViewController.swift in Sources */,
				57275DC428D17D5600E8E18D /* Latihan_Mengunduh_Gambar.xcdatamodeld in Sources */,
				57275DBA28D17D5600E8E18D /* AppDelegate.swift in Sources */,
				57275DBC28D17D5600E8E18D /* SceneDelegate.swift in Sources */,
			);
			runOnlyForDeploymentPostprocessing = 0;
		};
/* End PBXSourcesBuildPhase section */

/* Begin PBXVariantGroup section */
		57275DBF28D17D5600E8E18D /* Main.storyboard */ = {
			isa = PBXVariantGroup;
			children = (
				57275DC028D17D5600E8E18D /* Base */,
			);
			name = Main.storyboard;
			sourceTree = "<group>";
		};
		57275DC728D17D5800E8E18D /* LaunchScreen.storyboard */ = {
			isa = PBXVariantGroup;
			children = (
				57275DC828D17D5800E8E18D /* Base */,
			);
			name = LaunchScreen.storyboard;
			sourceTree = "<group>";
		};
/* End PBXVariantGroup section */

/* Begin XCBuildConfiguration section */
		57275DCB28D17D5800E8E18D /* Debug */ = {
			isa = XCBuildConfiguration;
			buildSettings = {
				ALWAYS_SEARCH_USER_PATHS = NO;
				CLANG_ANALYZER_NONNULL = YES;
				CLANG_ANALYZER_NUMBER_OBJECT_CONVERSION = YES_AGGRESSIVE;
				CLANG_CXX_LANGUAGE_STANDARD = "gnu++17";
				CLANG_ENABLE_MODULES = YES;
				CLANG_ENABLE_OBJC_ARC = YES;
				CLANG_ENABLE_OBJC_WEAK = YES;
				CLANG_WARN_BLOCK_CAPTURE_AUTORELEASING = YES;
				CLANG_WARN_BOOL_CONVERSION = YES;
				CLANG_WARN_COMMA = YES;
				CLANG_WARN_CONSTANT_CONVERSION = YES;
				CLANG_WARN_DEPRECATED_OBJC_IMPLEMENTATIONS = YES;
				CLANG_WARN_DIRECT_OBJC_ISA_USAGE = YES_ERROR;
				CLANG_WARN_DOCUMENTATION_COMMENTS = YES;
				CLANG_WARN_EMPTY_BODY = YES;
				CLANG_WARN_ENUM_CONVERSION = YES;
				CLANG_WARN_INFINITE_RECURSION = YES;
				CLANG_WARN_INT_CONVERSION = YES;
				CLANG_WARN_NON_LITERAL_NULL_CONVERSION = YES;
				CLANG_WARN_OBJC_IMPLICIT_RETAIN_SELF = YES;
				CLANG_WARN_OBJC_LITERAL_CONVERSION = YES;
				CLANG_WARN_OBJC_ROOT_CLASS = YES_ERROR;
				CLANG_WARN_QUOTED_INCLUDE_IN_FRAMEWORK_HEADER = YES;
				CLANG_WARN_RANGE_LOOP_ANALYSIS = YES;
				CLANG_WARN_STRICT_PROTOTYPES = YES;
				CLANG_WARN_SUSPICIOUS_MOVE = YES;
				CLANG_WARN_UNGUARDED_AVAILABILITY = YES_AGGRESSIVE;
				CLANG_WARN_UNREACHABLE_CODE = YES;
				CLANG_WARN__DUPLICATE_METHOD_MATCH = YES;
				COPY_PHASE_STRIP = NO;
				DEBUG_INFORMATION_FORMAT = dwarf;
				ENABLE_STRICT_OBJC_MSGSEND = YES;
				ENABLE_TESTABILITY = YES;
				GCC_C_LANGUAGE_STANDARD = gnu11;
				GCC_DYNAMIC_NO_PIC = NO;
				GCC_NO_COMMON_BLOCKS = YES;
				GCC_OPTIMIZATION_LEVEL = 0;
				GCC_PREPROCESSOR_DEFINITIONS = (
					"DEBUG=1",
					"$(inherited)",
				);
				GCC_WARN_64_TO_32_BIT_CONVERSION = YES;
				GCC_WARN_ABOUT_RETURN_TYPE = YES_ERROR;
				GCC_WARN_UNDECLARED_SELECTOR = YES;
				GCC_WARN_UNINITIALIZED_AUTOS = YES_AGGRESSIVE;
				GCC_WARN_UNUSED_FUNCTION = YES;
				GCC_WARN_UNUSED_VARIABLE = YES;
				IPHONEOS_DEPLOYMENT_TARGET = 15.5;
				MTL_ENABLE_DEBUG_INFO = INCLUDE_SOURCE;
				MTL_FAST_MATH = YES;
				ONLY_ACTIVE_ARCH = YES;
				SDKROOT = iphoneos;
				SWIFT_ACTIVE_COMPILATION_CONDITIONS = DEBUG;
				SWIFT_OPTIMIZATION_LEVEL = "-Onone";
			};
			name = Debug;
		};
		57275DCC28D17D5800E8E18D /* Release */ = {
			isa = XCBuildConfiguration;
			buildSettings = {
				ALWAYS_SEARCH_USER_PATHS = NO;
				CLANG_ANALYZER_NONNULL = YES;
				CLANG_ANALYZER_NUMBER_OBJECT_CONVERSION = YES_AGGRESSIVE;
				CLANG_CXX_LANGUAGE_STANDARD = "gnu++17";
				CLANG_ENABLE_MODULES = YES;
				CLANG_ENABLE_OBJC_ARC = YES;
				CLANG_ENABLE_OBJC_WEAK = YES;
				CLANG_WARN_BLOCK_CAPTURE_AUTORELEASING = YES;
				CLANG_WARN_BOOL_CONVERSION = YES;
				CLANG_WARN_COMMA = YES;
				CLANG_WARN_CONSTANT_CONVERSION = YES;
				CLANG_WARN_DEPRECATED_OBJC_IMPLEMENTATIONS = YES;
				CLANG_WARN_DIRECT_OBJC_ISA_USAGE = YES_ERROR;
				CLANG_WARN_DOCUMENTATION_COMMENTS = YES;
				CLANG_WARN_EMPTY_BODY = YES;
				CLANG_WARN_ENUM_CONVERSION = YES;
				CLANG_WARN_INFINITE_RECURSION = YES;
				CLANG_WARN_INT_CONVERSION = YES;
				CLANG_WARN_NON_LITERAL_NULL_CONVERSION = YES;
				CLANG_WARN_OBJC_IMPLICIT_RETAIN_SELF = YES;
				CLANG_WARN_OBJC_LITERAL_CONVERSION = YES;
				CLANG_WARN_OBJC_ROOT_CLASS = YES_ERROR;
				CLANG_WARN_QUOTED_INCLUDE_IN_FRAMEWORK_HEADER = YES;
				CLANG_WARN_RANGE_LOOP_ANALYSIS = YES;
				CLANG_WARN_STRICT_PROTOTYPES = YES;
				CLANG_WARN_SUSPICIOUS_MOVE = YES;
				CLANG_WARN_UNGUARDED_AVAILABILITY = YES_AGGRESSIVE;
				CLANG_WARN_UNREACHABLE_CODE = YES;
				CLANG_WARN__DUPLICATE_METHOD_MATCH = YES;
				COPY_PHASE_STRIP = NO;
				DEBUG_INFORMATION_FORMAT = "dwarf-with-dsym";
				ENABLE_NS_ASSERTIONS = NO;
				ENABLE_STRICT_OBJC_MSGSEND = YES;
				GCC_C_LANGUAGE_STANDARD = gnu11;
				GCC_NO_COMMON_BLOCKS = YES;
				GCC_WARN_64_TO_32_BIT_CONVERSION = YES;
				GCC_WARN_ABOUT_RETURN_TYPE = YES_ERROR;
				GCC_WARN_UNDECLARED_SELECTOR = YES;
				GCC_WARN_UNINITIALIZED_AUTOS = YES_AGGRESSIVE;
				GCC_WARN_UNUSED_FUNCTION = YES;
				GCC_WARN_UNUSED_VARIABLE = YES;
				IPHONEOS_DEPLOYMENT_TARGET = 15.5;
				MTL_ENABLE_DEBUG_INFO = NO;
				MTL_FAST_MATH = YES;
				SDKROOT = iphoneos;
				SWIFT_COMPILATION_MODE = wholemodule;
				SWIFT_OPTIMIZATION_LEVEL = "-O";
				VALIDATE_PRODUCT = YES;
			};
			name = Release;
		};
		57275DCE28D17D5800E8E18D /* Debug */ = {
			isa = XCBuildConfiguration;
			buildSettings = {
				ASSETCATALOG_COMPILER_APPICON_NAME = AppIcon;
				ASSETCATALOG_COMPILER_GLOBAL_ACCENT_COLOR_NAME = AccentColor;
				CODE_SIGN_STYLE = Automatic;
				CURRENT_PROJECT_VERSION = 1;
				DEVELOPMENT_TEAM = 2W8TC22856;
				GENERATE_INFOPLIST_FILE = YES;
				INFOPLIST_FILE = "Latihan Mengunduh Gambar/Filesystem/Info.plist";
				INFOPLIST_KEY_UIApplicationSupportsIndirectInputEvents = YES;
				INFOPLIST_KEY_UILaunchStoryboardName = LaunchScreen;
				INFOPLIST_KEY_UIMainStoryboardFile = Main;
				INFOPLIST_KEY_UISupportedInterfaceOrientations_iPad = "UIInterfaceOrientationPortrait UIInterfaceOrientationPortraitUpsideDown UIInterfaceOrientationLandscapeLeft UIInterfaceOrientationLandscapeRight";
				INFOPLIST_KEY_UISupportedInterfaceOrientations_iPhone = "UIInterfaceOrientationPortrait UIInterfaceOrientationLandscapeLeft UIInterfaceOrientationLandscapeRight";
				LD_RUNPATH_SEARCH_PATHS = (
					"$(inherited)",
					"@executable_path/Frameworks",
				);
				MARKETING_VERSION = 1.0;
				PRODUCT_BUNDLE_IDENTIFIER = "com.anugrahangga.Latihan-Mengunduh-Gambar";
				PRODUCT_NAME = "$(TARGET_NAME)";
				SWIFT_EMIT_LOC_STRINGS = YES;
				SWIFT_VERSION = 5.0;
				TARGETED_DEVICE_FAMILY = "1,2";
			};
			name = Debug;
		};
		57275DCF28D17D5800E8E18D /* Release */ = {
			isa = XCBuildConfiguration;
			buildSettings = {
				ASSETCATALOG_COMPILER_APPICON_NAME = AppIcon;
				ASSETCATALOG_COMPILER_GLOBAL_ACCENT_COLOR_NAME = AccentColor;
				CODE_SIGN_STYLE = Automatic;
				CURRENT_PROJECT_VERSION = 1;
				DEVELOPMENT_TEAM = 2W8TC22856;
				GENERATE_INFOPLIST_FILE = YES;
				INFOPLIST_FILE = "Latihan Mengunduh Gambar/Filesystem/Info.plist";
				INFOPLIST_KEY_UIApplicationSupportsIndirectInputEvents = YES;
				INFOPLIST_KEY_UILaunchStoryboardName = LaunchScreen;
				INFOPLIST_KEY_UIMainStoryboardFile = Main;
				INFOPLIST_KEY_UISupportedInterfaceOrientations_iPad = "UIInterfaceOrientationPortrait UIInterfaceOrientationPortraitUpsideDown UIInterfaceOrientationLandscapeLeft UIInterfaceOrientationLandscapeRight";
				INFOPLIST_KEY_UISupportedInterfaceOrientations_iPhone = "UIInterfaceOrientationPortrait UIInterfaceOrientationLandscapeLeft UIInterfaceOrientationLandscapeRight";
				LD_RUNPATH_SEARCH_PATHS = (
					"$(inherited)",
					"@executable_path/Frameworks",
				);
				MARKETING_VERSION = 1.0;
				PRODUCT_BUNDLE_IDENTIFIER = "com.anugrahangga.Latihan-Mengunduh-Gambar";
				PRODUCT_NAME = "$(TARGET_NAME)";
				SWIFT_EMIT_LOC_STRINGS = YES;
				SWIFT_VERSION = 5.0;
				TARGETED_DEVICE_FAMILY = "1,2";
			};
			name = Release;
		};
/* End XCBuildConfiguration section */

/* Begin XCConfigurationList section */
		57275DB128D17D5600E8E18D /* Build configuration list for PBXProject "Latihan Mengunduh Gambar" */ = {
			isa = XCConfigurationList;
			buildConfigurations = (
				57275DCB28D17D5800E8E18D /* Debug */,
				57275DCC28D17D5800E8E18D /* Release */,
			);
			defaultConfigurationIsVisible = 0;
			defaultConfigurationName = Release;
		};
		57275DCD28D17D5800E8E18D /* Build configuration list for PBXNativeTarget "Latihan Mengunduh Gambar" */ = {
			isa = XCConfigurationList;
			buildConfigurations = (
				57275DCE28D17D5800E8E18D /* Debug */,
				57275DCF28D17D5800E8E18D /* Release */,
			);
			defaultConfigurationIsVisible = 0;
			defaultConfigurationName = Release;
		};
/* End XCConfigurationList section */

/* Begin XCVersionGroup section */
		57275DC228D17D5600E8E18D /* Latihan_Mengunduh_Gambar.xcdatamodeld */ = {
			isa = XCVersionGroup;
			children = (
				57275DC328D17D5600E8E18D /* Latihan_Mengunduh_Gambar.xcdatamodel */,
			);
			currentVersion = 57275DC328D17D5600E8E18D /* Latihan_Mengunduh_Gambar.xcdatamodel */;
			path = Latihan_Mengunduh_Gambar.xcdatamodeld;
			sourceTree = "<group>";
			versionGroupType = wrapper.xcdatamodel;
		};
/* End XCVersionGroup section */
	};
	rootObject = 57275DAE28D17D5600E8E18D /* Project object */;
}
